{
  "version": 4,
  "terraform_version": "1.8.4",
  "serial": 4,
  "lineage": "46948509-7e6d-5204-201f-25c875945ca6",
  "outputs": {},
  "resources": [
    {
      "mode": "managed",
      "type": "google_container_cluster",
      "name": "primary",
      "provider": "provider[\"registry.terraform.io/hashicorp/google\"]",
      "instances": [
        {
          "schema_version": 2,
          "attributes": {
            "addons_config": [
              {
                "cloudrun_config": [],
                "config_connector_config": [],
                "dns_cache_config": [],
                "gce_persistent_disk_csi_driver_config": [
                  {
                    "enabled": true
                  }
                ],
                "gcp_filestore_csi_driver_config": [],
                "gcs_fuse_csi_driver_config": [],
                "gke_backup_agent_config": [],
                "horizontal_pod_autoscaling": [],
                "http_load_balancing": [],
                "network_policy_config": [
                  {
                    "disabled": true
                  }
                ],
                "stateful_ha_config": []
              }
            ],
            "allow_net_admin": null,
            "authenticator_groups_config": [],
            "binary_authorization": [
              {
                "enabled": false,
                "evaluation_mode": ""
              }
            ],
            "cluster_autoscaling": [
              {
                "auto_provisioning_defaults": [],
                "autoscaling_profile": "BALANCED",
                "enabled": false,
                "resource_limits": []
              }
            ],
            "cluster_ipv4_cidr": "10.4.0.0/14",
            "confidential_nodes": [],
            "cost_management_config": [],
            "database_encryption": [
              {
                "key_name": "",
                "state": "DECRYPTED"
              }
            ],
            "datapath_provider": "",
            "default_max_pods_per_node": 110,
            "default_snat_status": [
              {
                "disabled": false
              }
            ],
            "deletion_protection": true,
            "description": "",
            "dns_config": [],
            "enable_autopilot": false,
            "enable_cilium_clusterwide_network_policy": false,
            "enable_intranode_visibility": false,
            "enable_k8s_beta_apis": [],
            "enable_kubernetes_alpha": false,
            "enable_l4_ilb_subsetting": false,
            "enable_legacy_abac": false,
            "enable_shielded_nodes": true,
            "enable_tpu": false,
            "endpoint": "34.148.67.88",
            "fleet": [],
            "gateway_api_config": [],
            "id": "projects/gcp-devops-420503/locations/us-east1-b/clusters/my-gke-cluster",
            "identity_service_config": [],
            "initial_node_count": 1,
            "ip_allocation_policy": [
              {
                "additional_pod_ranges_config": [],
                "cluster_ipv4_cidr_block": "10.4.0.0/14",
                "cluster_secondary_range_name": "gke-my-gke-cluster-pods-b42200de",
                "pod_cidr_overprovision_config": [
                  {
                    "disabled": false
                  }
                ],
                "services_ipv4_cidr_block": "10.1.240.0/20",
                "services_secondary_range_name": "gke-my-gke-cluster-services-b42200de",
                "stack_type": "IPV4"
              }
            ],
            "label_fingerprint": "a9dc16a7",
            "location": "us-east1-b",
            "logging_config": [
              {
                "enable_components": [
                  "SYSTEM_COMPONENTS",
                  "WORKLOADS"
                ]
              }
            ],
            "logging_service": "logging.googleapis.com/kubernetes",
            "maintenance_policy": [],
            "master_auth": [
              {
                "client_certificate": "",
                "client_certificate_config": [
                  {
                    "issue_client_certificate": false
                  }
                ],
                "client_key": "",
                "cluster_ca_certificate": "LS0tLS1CRUdJTiBDRVJUSUZJQ0FURS0tLS0tCk1JSUVMVENDQXBXZ0F3SUJBZ0lSQUszUEtoNk82STF3M2tKeGFPWjdscG93RFFZSktvWklodmNOQVFFTEJRQXcKTHpFdE1Dc0dBMVVFQXhNa01tVXlNVEEzWVdNdE16ZGlaaTAwWWpSbExXSTRaVFF0TWpnM1ptRTVZbUU1TVRRMApNQ0FYRFRJME1EVXlPREE1TXpVeU9Gb1lEekl3TlRRd05USXhNVEF6TlRJNFdqQXZNUzB3S3dZRFZRUURFeVF5ClpUSXhNRGRoWXkwek4ySm1MVFJpTkdVdFlqaGxOQzB5T0RkbVlUbGlZVGt4TkRRd2dnR2lNQTBHQ1NxR1NJYjMKRFFFQkFRVUFBNElCandBd2dnR0tBb0lCZ1FDcEJpYVhFbVQwTFBtR0lNeEk1YWlLMnc5Q2NjMFJ0RGdzQnJadgpVRm1hbGpuU1NmeGJZWVY3endUT1k2MWdVYXBjTnhEK0w0Q1dabmxBNlhFdHdLMjFJOENIUllKcUhMSHB0UitvCmlYVFc0TkdQYmxZMXMzRHRUNm1GRzA3a1VtWEQ4SVBoZWR0aDJ3K1hQTUlyTklxTmYvN1lsRXh4VzNqWWptSXAKdzF6Z2dtWm5RbkhJcUhlWGJMeVNtamhXRTZtbkpYak92NjJpdGFKcC9pK0VkNSttMGNsZVRNT3Z4cXV0bEh0dAo5YklVYkdqcVhmVXVxWTh5cm8vbWNMVEhBWGxnOXJHTTMrY0NKdGVKOS9UaWl1UkwrRkVkMTRPZUp1SU01SkcrClJzRzl6Mm9wbzZuUGZlN29vZ1ZCcGN4ZzM3TFRUNFRQb25oaXV1WitNZTlkL0tibndyZ3BDZklDK1dVVWNlTzAKaDZ6NDBwNXozOWljZ09USTBoc2tRSS9GbGFnN0VLd3BsY2hjVmlLZXgwSlZ4OTViTXdlVENwYW5td0xuNmxiawpUQmpya0NpeEJBZDVkOTNIaTNpSmhyR1VFR3pZSiswUjlNb3A2elpZSk5pdUxtK2R3UFdza0dLUUhFazRDcWc1CklYWktjQ0hjcEtNZmZyU0ZVZFJBWm84U3hYRUNBd0VBQWFOQ01FQXdEZ1lEVlIwUEFRSC9CQVFEQWdJRU1BOEcKQTFVZEV3RUIvd1FGTUFNQkFmOHdIUVlEVlIwT0JCWUVGTjZUNzg3cWV4cHFQdFhVdHNNZ1MxdURIV3BwTUEwRwpDU3FHU0liM0RRRUJDd1VBQTRJQmdRQWlhSmtPQnFJZ0t6YlpGQ3ZKQUJhd0JNVWs5eEkza25nQUY1OXl6eUx1CmU1azJJb1ZIOWtZbldKUDE3M1BTbFZCaVp0LzN0dGVJMDlwOEYrMGw3QWM1eDdoRjJSdFUxN1hFcW5zUHp6MW0KUUFNYllrVEFGbmlkWThIU3JVQTdUdjVHVFdHVWZINjZDZFdBeGs3L09Kb1ZBNWNnSlV6RW9iUFRlcnZoV3o5aQo4eUJvc1pxU0d5ZTU5NzdYM3FHakhCREV5UWpqQjltazR6VWZnYVB2d0FON0xwR082NGxJejM3MGVwTThiZzIrClEyZXZkeU9ibDVkL2Y0dXpTT0xwRUtFQ2ppV0ttL0tjTVkyeC9WZE5XUGRxL1Y1VWlQYU9DRTRjeHkyUWMxbm4KT2I0VlZYbmVJYXJWdm9LdElYOU5zblBEVUxDeXptQzVILzVUV1BmL2VVSEEyV3FMVm40ektDMko4YXU4NGZTTApKN3BHSkQrbEhlbitpV0NkbDBUQWxldHBnN2lnZEwzbzJLMDBZRFJ5M0VlazlMNHZ2VjlaUENWZjdVSkNORkVTCk8xMXJOU2U0dldSMWh3MkIzd1NMOXB6azM2Mm1UVmM3VEh2NGFjZmY1Um5ZeGM3ZENXKzVoTW05Mmp6bkxOR2wKTzR1Y1ZVekk1TXA3dGI5Tk4xMlNoT2s9Ci0tLS0tRU5EIENFUlRJRklDQVRFLS0tLS0K"
              }
            ],
            "master_authorized_networks_config": [],
            "master_version": "1.28.8-gke.1095000",
            "mesh_certificates": [],
            "min_master_version": null,
            "monitoring_config": [
              {
                "advanced_datapath_observability_config": [
                  {
                    "enable_metrics": false,
                    "enable_relay": false,
                    "relay_mode": "DISABLED"
                  }
                ],
                "enable_components": [
                  "SYSTEM_COMPONENTS"
                ],
                "managed_prometheus": [
                  {
                    "enabled": true
                  }
                ]
              }
            ],
            "monitoring_service": "monitoring.googleapis.com/kubernetes",
            "name": "my-gke-cluster",
            "network": "projects/gcp-devops-420503/global/networks/default",
            "network_policy": [
              {
                "enabled": false,
                "provider": "PROVIDER_UNSPECIFIED"
              }
            ],
            "networking_mode": "VPC_NATIVE",
            "node_config": [],
            "node_locations": [],
            "node_pool": [],
            "node_pool_auto_config": [],
            "node_pool_defaults": [
              {
                "node_config_defaults": [
                  {
                    "logging_variant": "DEFAULT"
                  }
                ]
              }
            ],
            "node_version": "1.28.8-gke.1095000",
            "notification_config": [
              {
                "pubsub": [
                  {
                    "enabled": false,
                    "filter": [],
                    "topic": ""
                  }
                ]
              }
            ],
            "operation": null,
            "private_cluster_config": [
              {
                "enable_private_endpoint": false,
                "enable_private_nodes": false,
                "master_global_access_config": [
                  {
                    "enabled": false
                  }
                ],
                "master_ipv4_cidr_block": "",
                "peering_name": "",
                "private_endpoint": "10.142.0.8",
                "private_endpoint_subnetwork": "",
                "public_endpoint": "34.148.67.88"
              }
            ],
            "private_ipv6_google_access": "",
            "project": "gcp-devops-420503",
            "release_channel": [
              {
                "channel": "REGULAR"
              }
            ],
            "remove_default_node_pool": true,
            "resource_labels": null,
            "resource_usage_export_config": [],
            "security_posture_config": [
              {
                "mode": "BASIC",
                "vulnerability_mode": "VULNERABILITY_MODE_UNSPECIFIED"
              }
            ],
            "self_link": "https://container.googleapis.com/v1/projects/gcp-devops-420503/zones/us-east1-b/clusters/my-gke-cluster",
            "service_external_ips_config": [
              {
                "enabled": false
              }
            ],
            "services_ipv4_cidr": "10.1.240.0/20",
            "subnetwork": "projects/gcp-devops-420503/regions/us-east1/subnetworks/default",
            "timeouts": null,
            "tpu_ipv4_cidr_block": "",
            "vertical_pod_autoscaling": [],
            "workload_identity_config": []
          },
          "sensitive_attributes": [
            [
              {
                "type": "get_attr",
                "value": "master_auth"
              },
              {
                "type": "index",
                "value": {
                  "value": 0,
                  "type": "number"
                }
              },
              {
                "type": "get_attr",
                "value": "client_key"
              }
            ]
          ],
          "private": "eyJlMmJmYjczMC1lY2FhLTExZTYtOGY4OC0zNDM2M2JjN2M0YzAiOnsiY3JlYXRlIjoyNDAwMDAwMDAwMDAwLCJkZWxldGUiOjI0MDAwMDAwMDAwMDAsInJlYWQiOjI0MDAwMDAwMDAwMDAsInVwZGF0ZSI6MzYwMDAwMDAwMDAwMH0sInNjaGVtYV92ZXJzaW9uIjoiMiJ9"
        }
      ]
    },
    {
      "mode": "managed",
      "type": "google_container_node_pool",
      "name": "primary_preemptible_nodes",
      "provider": "provider[\"registry.terraform.io/hashicorp/google\"]",
      "instances": [
        {
          "schema_version": 1,
          "attributes": {
            "autoscaling": [],
            "cluster": "projects/gcp-devops-420503/locations/us-east1-b/clusters/my-gke-cluster",
            "id": "projects/gcp-devops-420503/locations/us-east1-b/clusters/my-gke-cluster/nodePools/my-node-pool",
            "initial_node_count": 2,
            "instance_group_urls": [
              "https://www.googleapis.com/compute/v1/projects/gcp-devops-420503/zones/us-east1-b/instanceGroupManagers/gke-my-gke-cluster-my-node-pool-1a65c54d-grp"
            ],
            "location": "us-east1-b",
            "managed_instance_group_urls": [
              "https://www.googleapis.com/compute/v1/projects/gcp-devops-420503/zones/us-east1-b/instanceGroups/gke-my-gke-cluster-my-node-pool-1a65c54d-grp"
            ],
            "management": [
              {
                "auto_repair": true,
                "auto_upgrade": true
              }
            ],
            "max_pods_per_node": 110,
            "name": "my-node-pool",
            "name_prefix": "",
            "network_config": [
              {
                "create_pod_range": false,
                "enable_private_nodes": false,
                "network_performance_config": [],
                "pod_cidr_overprovision_config": [],
                "pod_ipv4_cidr_block": "10.4.0.0/14",
                "pod_range": "gke-my-gke-cluster-pods-b42200de"
              }
            ],
            "node_config": [
              {
                "advanced_machine_features": [],
                "boot_disk_kms_key": "",
                "confidential_nodes": [],
                "disk_size_gb": 100,
                "disk_type": "pd-balanced",
                "effective_taints": [],
                "enable_confidential_storage": false,
                "ephemeral_storage_local_ssd_config": [],
                "fast_socket": [],
                "gcfs_config": [],
                "guest_accelerator": [],
                "gvnic": [],
                "host_maintenance_policy": [],
                "image_type": "COS_CONTAINERD",
                "kubelet_config": [],
                "labels": {},
                "linux_node_config": [],
                "local_nvme_ssd_block_config": [],
                "local_ssd_count": 0,
                "logging_variant": "DEFAULT",
                "machine_type": "e2-micro",
                "metadata": {
                  "disable-legacy-endpoints": "true"
                },
                "min_cpu_platform": "",
                "node_group": "",
                "oauth_scopes": [
                  "https://www.googleapis.com/auth/cloud-platform"
                ],
                "preemptible": true,
                "reservation_affinity": [],
                "resource_labels": null,
                "resource_manager_tags": null,
                "secondary_boot_disks": [],
                "service_account": "gcp-devops-420503@gcp-devops-420503.iam.gserviceaccount.com",
                "shielded_instance_config": [
                  {
                    "enable_integrity_monitoring": true,
                    "enable_secure_boot": false
                  }
                ],
                "sole_tenant_config": [],
                "spot": false,
                "tags": null,
                "taint": [],
                "workload_metadata_config": []
              }
            ],
            "node_count": 2,
            "node_locations": [
              "us-east1-b"
            ],
            "operation": null,
            "placement_policy": [],
            "project": "gcp-devops-420503",
            "queued_provisioning": [],
            "timeouts": null,
            "upgrade_settings": [
              {
                "blue_green_settings": [],
                "max_surge": 1,
                "max_unavailable": 0,
                "strategy": "SURGE"
              }
            ],
            "version": "1.28.8-gke.1095000"
          },
          "sensitive_attributes": [],
          "private": "eyJlMmJmYjczMC1lY2FhLTExZTYtOGY4OC0zNDM2M2JjN2M0YzAiOnsiY3JlYXRlIjoxODAwMDAwMDAwMDAwLCJkZWxldGUiOjE4MDAwMDAwMDAwMDAsInVwZGF0ZSI6MTgwMDAwMDAwMDAwMH0sInNjaGVtYV92ZXJzaW9uIjoiMSJ9",
          "dependencies": [
            "google_container_cluster.primary",
            "google_service_account.default"
          ]
        }
      ]
    },
    {
      "mode": "managed",
      "type": "google_service_account",
      "name": "default",
      "provider": "provider[\"registry.terraform.io/hashicorp/google\"]",
      "instances": [
        {
          "schema_version": 0,
          "attributes": {
            "account_id": "gcp-devops-420503",
            "create_ignore_already_exists": null,
            "description": "",
            "disabled": false,
            "display_name": "Service Account",
            "email": "gcp-devops-420503@gcp-devops-420503.iam.gserviceaccount.com",
            "id": "projects/gcp-devops-420503/serviceAccounts/gcp-devops-420503@gcp-devops-420503.iam.gserviceaccount.com",
            "member": "serviceAccount:gcp-devops-420503@gcp-devops-420503.iam.gserviceaccount.com",
            "name": "projects/gcp-devops-420503/serviceAccounts/gcp-devops-420503@gcp-devops-420503.iam.gserviceaccount.com",
            "project": "gcp-devops-420503",
            "timeouts": null,
            "unique_id": "110855951597803751320"
          },
          "sensitive_attributes": [],
          "private": "eyJlMmJmYjczMC1lY2FhLTExZTYtOGY4OC0zNDM2M2JjN2M0YzAiOnsiY3JlYXRlIjozMDAwMDAwMDAwMDB9fQ=="
        }
      ]
    }
  ],
  "check_results": null
}
